
Microsoft Visual Studio Solution File, Format Version 12.00
# Visual Studio 15
Project("{FAE04EC0-301F-11D3-BF4B-00C04F79EFBC}") = "app3.0", "app3.0\app3.0.csproj", "{754B121A-356B-426B-A995-AD356C2C5A05}"
EndProject
Global
	GlobalSection(SolutionConfigurationPlatforms) = preSolution
		Debug|anycpu = Debug|anycpu
		Release|anycpu = Release|anycpu
	EndGlobalSection
	GlobalSection(ProjectConfigurationPlatforms) = postSolution
		{754B121A-356B-426B-A995-AD356C2C5A05}.Debug|anycpu.ActiveCfg = Debug|anycpu
		{754B121A-356B-426B-A995-AD356C2C5A05}.Debug|anycpu.Build.0 = Debug|anycpu
		{754B121A-356B-426B-A995-AD356C2C5A05}.Release|anycpu.ActiveCfg = Release|anycpu
		{754B121A-356B-426B-A995-AD356C2C5A05}.Release|anycpu.Build.0 = Release|anycpu
	EndGlobalSection
EndGlobal
